
Microsoft Visual Studio Solution File, Format Version 12.00
# Visual Studio Version 17
VisualStudioVersion = 17.7.34031.279
MinimumVisualStudioVersion = 10.0.40219.1
Project("{8BC9CEB8-8B4A-11D0-8D11-00A0C91BC942}") = "collect_rollouts", "collect_rollouts\collect_rollouts.vcxproj", "{AF122676-DDD0-42E6-8FCC-98DD1CCB74B5}"
EndProject
Project("{888888A0-9F3D-457C-B088-3A5042F75D52}") = "dlmahjong", "dlmahjong\dlmahjong.pyproj", "{AAE14B8F-3E45-4B96-9B9B-32B5940C771B}"
EndProject
Project("{888888A0-9F3D-457C-B088-3A5042F75D52}") = "test", "test\test.pyproj", "{E482690C-862F-4772-AC22-0E606197942C}"
EndProject
Project("{8BC9CEB8-8B4A-11D0-8D11-00A0C91BC942}") = "src_cpp", "..\cmajiang\src_cpp\src_cpp.vcxproj", "{CE5137F2-E7DD-4207-A986-189D65F905F0}"
EndProject
Global
	GlobalSection(SolutionConfigurationPlatforms) = preSolution
		Debug|Any CPU = Debug|Any CPU
		Debug|x64 = Debug|x64
		Debug|x86 = Debug|x86
		Release|Any CPU = Release|Any CPU
		Release|x64 = Release|x64
		Release|x86 = Release|x86
	EndGlobalSection
	GlobalSection(ProjectConfigurationPlatforms) = postSolution
		{AF122676-DDD0-42E6-8FCC-98DD1CCB74B5}.Debug|Any CPU.ActiveCfg = Debug|x64
		{AF122676-DDD0-42E6-8FCC-98DD1CCB74B5}.Debug|Any CPU.Build.0 = Debug|x64
		{AF122676-DDD0-42E6-8FCC-98DD1CCB74B5}.Debug|x64.ActiveCfg = Debug|x64
		{AF122676-DDD0-42E6-8FCC-98DD1CCB74B5}.Debug|x64.Build.0 = Debug|x64
		{AF122676-DDD0-42E6-8FCC-98DD1CCB74B5}.Debug|x86.ActiveCfg = Debug|Win32
		{AF122676-DDD0-42E6-8FCC-98DD1CCB74B5}.Debug|x86.Build.0 = Debug|Win32
		{AF122676-DDD0-42E6-8FCC-98DD1CCB74B5}.Release|Any CPU.ActiveCfg = Release|x64
		{AF122676-DDD0-42E6-8FCC-98DD1CCB74B5}.Release|Any CPU.Build.0 = Release|x64
		{AF122676-DDD0-42E6-8FCC-98DD1CCB74B5}.Release|x64.ActiveCfg = Release|x64
		{AF122676-DDD0-42E6-8FCC-98DD1CCB74B5}.Release|x64.Build.0 = Release|x64
		{AF122676-DDD0-42E6-8FCC-98DD1CCB74B5}.Release|x86.ActiveCfg = Release|Win32
		{AF122676-DDD0-42E6-8FCC-98DD1CCB74B5}.Release|x86.Build.0 = Release|Win32
		{AAE14B8F-3E45-4B96-9B9B-32B5940C771B}.Debug|Any CPU.ActiveCfg = Debug|Any CPU
		{AAE14B8F-3E45-4B96-9B9B-32B5940C771B}.Debug|x64.ActiveCfg = Debug|Any CPU
		{AAE14B8F-3E45-4B96-9B9B-32B5940C771B}.Debug|x86.ActiveCfg = Debug|Any CPU
		{AAE14B8F-3E45-4B96-9B9B-32B5940C771B}.Release|Any CPU.ActiveCfg = Release|Any CPU
		{AAE14B8F-3E45-4B96-9B9B-32B5940C771B}.Release|x64.ActiveCfg = Release|Any CPU
		{AAE14B8F-3E45-4B96-9B9B-32B5940C771B}.Release|x86.ActiveCfg = Release|Any CPU
		{E482690C-862F-4772-AC22-0E606197942C}.Debug|Any CPU.ActiveCfg = Debug|Any CPU
		{E482690C-862F-4772-AC22-0E606197942C}.Debug|x64.ActiveCfg = Debug|Any CPU
		{E482690C-862F-4772-AC22-0E606197942C}.Debug|x86.ActiveCfg = Debug|Any CPU
		{E482690C-862F-4772-AC22-0E606197942C}.Release|Any CPU.ActiveCfg = Release|Any CPU
		{E482690C-862F-4772-AC22-0E606197942C}.Release|x64.ActiveCfg = Release|Any CPU
		{E482690C-862F-4772-AC22-0E606197942C}.Release|x86.ActiveCfg = Release|Any CPU
		{CE5137F2-E7DD-4207-A986-189D65F905F0}.Debug|Any CPU.ActiveCfg = Debug|x64
		{CE5137F2-E7DD-4207-A986-189D65F905F0}.Debug|Any CPU.Build.0 = Debug|x64
		{CE5137F2-E7DD-4207-A986-189D65F905F0}.Debug|x64.ActiveCfg = Debug|x64
		{CE5137F2-E7DD-4207-A986-189D65F905F0}.Debug|x64.Build.0 = Debug|x64
		{CE5137F2-E7DD-4207-A986-189D65F905F0}.Debug|x86.ActiveCfg = Debug|Win32
		{CE5137F2-E7DD-4207-A986-189D65F905F0}.Debug|x86.Build.0 = Debug|Win32
		{CE5137F2-E7DD-4207-A986-189D65F905F0}.Release|Any CPU.ActiveCfg = Release|x64
		{CE5137F2-E7DD-4207-A986-189D65F905F0}.Release|Any CPU.Build.0 = Release|x64
		{CE5137F2-E7DD-4207-A986-189D65F905F0}.Release|x64.ActiveCfg = Release|x64
		{CE5137F2-E7DD-4207-A986-189D65F905F0}.Release|x64.Build.0 = Release|x64
		{CE5137F2-E7DD-4207-A986-189D65F905F0}.Release|x86.ActiveCfg = Release|Win32
		{CE5137F2-E7DD-4207-A986-189D65F905F0}.Release|x86.Build.0 = Release|Win32
	EndGlobalSection
	GlobalSection(SolutionProperties) = preSolution
		HideSolutionNode = FALSE
	EndGlobalSection
	GlobalSection(ExtensibilityGlobals) = postSolution
		SolutionGuid = {F93F7916-0F57-4E1E-8A69-5C7225AF9BAC}
	EndGlobalSection
EndGlobal
